// !$*UTF8*$!
{
	archiveVersion = 1;
	classes = {
	};
	objectVersion = 46;
	objects = {

/* Begin PBXBuildFile section */
		B55DD470BAB3ADF78ABB306C /* Pods_rainyshinycloudy.framework in Frameworks */ = {isa = PBXBuildFile; fileRef = 74B5E060AB97572520703A71 /* Pods_rainyshinycloudy.framework */; };
		C937248E1F1FC15600FE0553 /* AppDelegate.swift in Sources */ = {isa = PBXBuildFile; fileRef = C937248D1F1FC15600FE0553 /* AppDelegate.swift */; };
		C93724901F1FC15600FE0553 /* WeatherVC.swift in Sources */ = {isa = PBXBuildFile; fileRef = C937248F1F1FC15600FE0553 /* WeatherVC.swift */; };
		C93724931F1FC15600FE0553 /* Main.storyboard in Resources */ = {isa = PBXBuildFile; fileRef = C93724911F1FC15600FE0553 /* Main.storyboard */; };
		C93724951F1FC15600FE0553 /* Assets.xcassets in Resources */ = {isa = PBXBuildFile; fileRef = C93724941F1FC15600FE0553 /* Assets.xcassets */; };
		C93724981F1FC15600FE0553 /* LaunchScreen.storyboard in Resources */ = {isa = PBXBuildFile; fileRef = C93724961F1FC15600FE0553 /* LaunchScreen.storyboard */; };
		C93724A31F1FC15600FE0553 /* rainyshinycloudyTests.swift in Sources */ = {isa = PBXBuildFile; fileRef = C93724A21F1FC15600FE0553 /* rainyshinycloudyTests.swift */; };
		C93724AE1F1FC15600FE0553 /* rainyshinycloudyUITests.swift in Sources */ = {isa = PBXBuildFile; fileRef = C93724AD1F1FC15600FE0553 /* rainyshinycloudyUITests.swift */; };
		C93724BC1F2037D300FE0553 /* Constants.swift in Sources */ = {isa = PBXBuildFile; fileRef = C93724BB1F2037D300FE0553 /* Constants.swift */; };
		C93724BE1F2052B500FE0553 /* CurrentWeather.swift in Sources */ = {isa = PBXBuildFile; fileRef = C93724BD1F2052B500FE0553 /* CurrentWeather.swift */; };
		C93725081F206B3400FE0553 /* Forecast.swift in Sources */ = {isa = PBXBuildFile; fileRef = C93725071F206B3400FE0553 /* Forecast.swift */; };
		C937250A1F21000300FE0553 /* WeatherCell.swift in Sources */ = {isa = PBXBuildFile; fileRef = C93725091F21000300FE0553 /* WeatherCell.swift */; };
		C9945B0C1F211E0C008BC7B6 /* Location.swift in Sources */ = {isa = PBXBuildFile; fileRef = C9945B0B1F211E0C008BC7B6 /* Location.swift */; };
/* End PBXBuildFile section */

/* Begin PBXContainerItemProxy section */
		C937249F1F1FC15600FE0553 /* PBXContainerItemProxy */ = {
			isa = PBXContainerItemProxy;
			containerPortal = C93724821F1FC15600FE0553 /* Project object */;
			proxyType = 1;
			remoteGlobalIDString = C93724891F1FC15600FE0553;
			remoteInfo = rainyshinycloudy;
		};
		C93724AA1F1FC15600FE0553 /* PBXContainerItemProxy */ = {
			isa = PBXContainerItemProxy;
			containerPortal = C93724821F1FC15600FE0553 /* Project object */;
			proxyType = 1;
			remoteGlobalIDString = C93724891F1FC15600FE0553;
			remoteInfo = rainyshinycloudy;
		};
/* End PBXContainerItemProxy section */

/* Begin PBXFileReference section */
		412D119724E1FD8E446DB46F /* Pods-rainyshinycloudy.release.xcconfig */ = {isa = PBXFileReference; includeInIndex = 1; lastKnownFileType = text.xcconfig; name = "Pods-rainyshinycloudy.release.xcconfig"; path = "Pods/Target Support Files/Pods-rainyshinycloudy/Pods-rainyshinycloudy.release.xcconfig"; sourceTree = "<group>"; };
		74B5E060AB97572520703A71 /* Pods_rainyshinycloudy.framework */ = {isa = PBXFileReference; explicitFileType = wrapper.framework; includeInIndex = 0; path = Pods_rainyshinycloudy.framework; sourceTree = BUILT_PRODUCTS_DIR; };
		C5A014E732A0D2D0203A3CD2 /* Pods-rainyshinycloudy.debug.xcconfig */ = {isa = PBXFileReference; includeInIndex = 1; lastKnownFileType = text.xcconfig; name = "Pods-rainyshinycloudy.debug.xcconfig"; path = "Pods/Target Support Files/Pods-rainyshinycloudy/Pods-rainyshinycloudy.debug.xcconfig"; sourceTree = "<group>"; };
		C937248A1F1FC15600FE0553 /* rainyshinycloudy.app */ = {isa = PBXFileReference; explicitFileType = wrapper.application; includeInIndex = 0; path = rainyshinycloudy.app; sourceTree = BUILT_PRODUCTS_DIR; };
		C937248D1F1FC15600FE0553 /* AppDelegate.swift */ = {isa = PBXFileReference; lastKnownFileType = sourcecode.swift; path = AppDelegate.swift; sourceTree = "<group>"; };
		C937248F1F1FC15600FE0553 /* WeatherVC.swift */ = {isa = PBXFileReference; lastKnownFileType = sourcecode.swift; path = WeatherVC.swift; sourceTree = "<group>"; };
		C93724921F1FC15600FE0553 /* Base */ = {isa = PBXFileReference; lastKnownFileType = file.storyboard; name = Base; path = Base.lproj/Main.storyboard; sourceTree = "<group>"; };
		C93724941F1FC15600FE0553 /* Assets.xcassets */ = {isa = PBXFileReference; lastKnownFileType = folder.assetcatalog; path = Assets.xcassets; sourceTree = "<group>"; };
		C93724971F1FC15600FE0553 /* Base */ = {isa = PBXFileReference; lastKnownFileType = file.storyboard; name = Base; path = Base.lproj/LaunchScreen.storyboard; sourceTree = "<group>"; };
		C93724991F1FC15600FE0553 /* Info.plist */ = {isa = PBXFileReference; lastKnownFileType = text.plist.xml; path = Info.plist; sourceTree = "<group>"; };
		C937249E1F1FC15600FE0553 /* rainyshinycloudyTests.xctest */ = {isa = PBXFileReference; explicitFileType = wrapper.cfbundle; includeInIndex = 0; path = rainyshinycloudyTests.xctest; sourceTree = BUILT_PRODUCTS_DIR; };
		C93724A21F1FC15600FE0553 /* rainyshinycloudyTests.swift */ = {isa = PBXFileReference; lastKnownFileType = sourcecode.swift; path = rainyshinycloudyTests.swift; sourceTree = "<group>"; };
		C93724A41F1FC15600FE0553 /* Info.plist */ = {isa = PBXFileReference; lastKnownFileType = text.plist.xml; path = Info.plist; sourceTree = "<group>"; };
		C93724A91F1FC15600FE0553 /* rainyshinycloudyUITests.xctest */ = {isa = PBXFileReference; explicitFileType = wrapper.cfbundle; includeInIndex = 0; path = rainyshinycloudyUITests.xctest; sourceTree = BUILT_PRODUCTS_DIR; };
		C93724AD1F1FC15600FE0553 /* rainyshinycloudyUITests.swift */ = {isa = PBXFileReference; lastKnownFileType = sourcecode.swift; path = rainyshinycloudyUITests.swift; sourceTree = "<group>"; };
		C93724AF1F1FC15600FE0553 /* Info.plist */ = {isa = PBXFileReference; lastKnownFileType = text.plist.xml; path = Info.plist; sourceTree = "<group>"; };
		C93724BB1F2037D300FE0553 /* Constants.swift */ = {isa = PBXFileReference; fileEncoding = 4; lastKnownFileType = sourcecode.swift; path = Constants.swift; sourceTree = "<group>"; };
		C93724BD1F2052B500FE0553 /* CurrentWeather.swift */ = {isa = PBXFileReference; fileEncoding = 4; lastKnownFileType = sourcecode.swift; path = CurrentWeather.swift; sourceTree = "<group>"; };
		C93725071F206B3400FE0553 /* Forecast.swift */ = {isa = PBXFileReference; fileEncoding = 4; lastKnownFileType = sourcecode.swift; path = Forecast.swift; sourceTree = "<group>"; };
		C93725091F21000300FE0553 /* WeatherCell.swift */ = {isa = PBXFileReference; fileEncoding = 4; lastKnownFileType = sourcecode.swift; path = WeatherCell.swift; sourceTree = "<group>"; };
		C9945B0B1F211E0C008BC7B6 /* Location.swift */ = {isa = PBXFileReference; fileEncoding = 4; lastKnownFileType = sourcecode.swift; path = Location.swift; sourceTree = "<group>"; };
/* End PBXFileReference section */

/* Begin PBXFrameworksBuildPhase section */
		C93724871F1FC15600FE0553 /* Frameworks */ = {
			isa = PBXFrameworksBuildPhase;
			buildActionMask = 2147483647;
			files = (
				B55DD470BAB3ADF78ABB306C /* Pods_rainyshinycloudy.framework in Frameworks */,
			);
			runOnlyForDeploymentPostprocessing = 0;
		};
		C937249B1F1FC15600FE0553 /* Frameworks */ = {
			isa = PBXFrameworksBuildPhase;
			buildActionMask = 2147483647;
			files = (
			);
			runOnlyForDeploymentPostprocessing = 0;
		};
		C93724A61F1FC15600FE0553 /* Frameworks */ = {
			isa = PBXFrameworksBuildPhase;
			buildActionMask = 2147483647;
			files = (
			);
			runOnlyForDeploymentPostprocessing = 0;
		};
/* End PBXFrameworksBuildPhase section */

/* Begin PBXGroup section */
		0216D54F067F10F8BA9789A2 /* Pods */ = {
			isa = PBXGroup;
			children = (
				C5A014E732A0D2D0203A3CD2 /* Pods-rainyshinycloudy.debug.xcconfig */,
				412D119724E1FD8E446DB46F /* Pods-rainyshinycloudy.release.xcconfig */,
			);
			name = Pods;
			sourceTree = "<group>";
		};
		1DE75D232939436851EE0713 /* Frameworks */ = {
			isa = PBXGroup;
			children = (
				74B5E060AB97572520703A71 /* Pods_rainyshinycloudy.framework */,
			);
			name = Frameworks;
			sourceTree = "<group>";
		};
		C93724811F1FC15600FE0553 = {
			isa = PBXGroup;
			children = (
				C937248C1F1FC15600FE0553 /* rainyshinycloudy */,
				C93724A11F1FC15600FE0553 /* rainyshinycloudyTests */,
				C93724AC1F1FC15600FE0553 /* rainyshinycloudyUITests */,
				C937248B1F1FC15600FE0553 /* Products */,
				0216D54F067F10F8BA9789A2 /* Pods */,
				1DE75D232939436851EE0713 /* Frameworks */,
			);
			sourceTree = "<group>";
		};
		C937248B1F1FC15600FE0553 /* Products */ = {
			isa = PBXGroup;
			children = (
				C937248A1F1FC15600FE0553 /* rainyshinycloudy.app */,
				C937249E1F1FC15600FE0553 /* rainyshinycloudyTests.xctest */,
				C93724A91F1FC15600FE0553 /* rainyshinycloudyUITests.xctest */,
			);
			name = Products;
			sourceTree = "<group>";
		};
		C937248C1F1FC15600FE0553 /* rainyshinycloudy */ = {
			isa = PBXGroup;
			children = (
				C937248D1F1FC15600FE0553 /* AppDelegate.swift */,
				C937248F1F1FC15600FE0553 /* WeatherVC.swift */,
				C93724911F1FC15600FE0553 /* Main.storyboard */,
				C93724941F1FC15600FE0553 /* Assets.xcassets */,
				C93724961F1FC15600FE0553 /* LaunchScreen.storyboard */,
				C93724991F1FC15600FE0553 /* Info.plist */,
				C93724BB1F2037D300FE0553 /* Constants.swift */,
				C93724BD1F2052B500FE0553 /* CurrentWeather.swift */,
				C93725071F206B3400FE0553 /* Forecast.swift */,
				C93725091F21000300FE0553 /* WeatherCell.swift */,
				C9945B0B1F211E0C008BC7B6 /* Location.swift */,
			);
			path = rainyshinycloudy;
			sourceTree = "<group>";
		};
		C93724A11F1FC15600FE0553 /* rainyshinycloudyTests */ = {
			isa = PBXGroup;
			children = (
				C93724A21F1FC15600FE0553 /* rainyshinycloudyTests.swift */,
				C93724A41F1FC15600FE0553 /* Info.plist */,
			);
			path = rainyshinycloudyTests;
			sourceTree = "<group>";
		};
		C93724AC1F1FC15600FE0553 /* rainyshinycloudyUITests */ = {
			isa = PBXGroup;
			children = (
				C93724AD1F1FC15600FE0553 /* rainyshinycloudyUITests.swift */,
				C93724AF1F1FC15600FE0553 /* Info.plist */,
			);
			path = rainyshinycloudyUITests;
			sourceTree = "<group>";
		};
/* End PBXGroup section */

/* Begin PBXNativeTarget section */
		C93724891F1FC15600FE0553 /* rainyshinycloudy */ = {
			isa = PBXNativeTarget;
			buildConfigurationList = C93724B21F1FC15600FE0553 /* Build configuration list for PBXNativeTarget "rainyshinycloudy" */;
			buildPhases = (
				769A60A63ADE9A38681D450F /* [CP] Check Pods Manifest.lock */,
				C93724861F1FC15600FE0553 /* Sources */,
				C93724871F1FC15600FE0553 /* Frameworks */,
				C93724881F1FC15600FE0553 /* Resources */,
				A6CEC1AA61CC1342DA7FA313 /* [CP] Embed Pods Frameworks */,
				EBC76C6337BCFB03D3F980E0 /* [CP] Copy Pods Resources */,
			);
			buildRules = (
			);
			dependencies = (
			);
			name = rainyshinycloudy;
			productName = rainyshinycloudy;
			productReference = C937248A1F1FC15600FE0553 /* rainyshinycloudy.app */;
			productType = "com.apple.product-type.application";
		};
		C937249D1F1FC15600FE0553 /* rainyshinycloudyTests */ = {
			isa = PBXNativeTarget;
			buildConfigurationList = C93724B51F1FC15600FE0553 /* Build configuration list for PBXNativeTarget "rainyshinycloudyTests" */;
			buildPhases = (
				C937249A1F1FC15600FE0553 /* Sources */,
				C937249B1F1FC15600FE0553 /* Frameworks */,
				C937249C1F1FC15600FE0553 /* Resources */,
			);
			buildRules = (
			);
			dependencies = (
				C93724A01F1FC15600FE0553 /* PBXTargetDependency */,
			);
			name = rainyshinycloudyTests;
			productName = rainyshinycloudyTests;
			productReference = C937249E1F1FC15600FE0553 /* rainyshinycloudyTests.xctest */;
			productType = "com.apple.product-type.bundle.unit-test";
		};
		C93724A81F1FC15600FE0553 /* rainyshinycloudyUITests */ = {
			isa = PBXNativeTarget;
			buildConfigurationList = C93724B81F1FC15600FE0553 /* Build configuration list for PBXNativeTarget "rainyshinycloudyUITests" */;
			buildPhases = (
				C93724A51F1FC15600FE0553 /* Sources */,
				C93724A61F1FC15600FE0553 /* Frameworks */,
				C93724A71F1FC15600FE0553 /* Resources */,
			);
			buildRules = (
			);
			dependencies = (
				C93724AB1F1FC15600FE0553 /* PBXTargetDependency */,
			);
			name = rainyshinycloudyUITests;
			productName = rainyshinycloudyUITests;
			productReference = C93724A91F1FC15600FE0553 /* rainyshinycloudyUITests.xctest */;
			productType = "com.apple.product-type.bundle.ui-testing";
		};
/* End PBXNativeTarget section */

/* Begin PBXProject section */
		C93724821F1FC15600FE0553 /* Project object */ = {
			isa = PBXProject;
			attributes = {
				LastSwiftUpdateCheck = 0830;
				LastUpgradeCheck = 0830;
				ORGANIZATIONNAME = "Matthew Layman";
				TargetAttributes = {
					C93724891F1FC15600FE0553 = {
						CreatedOnToolsVersion = 8.3.3;
						ProvisioningStyle = Automatic;
					};
					C937249D1F1FC15600FE0553 = {
						CreatedOnToolsVersion = 8.3.3;
						ProvisioningStyle = Automatic;
						TestTargetID = C93724891F1FC15600FE0553;
					};
					C93724A81F1FC15600FE0553 = {
						CreatedOnToolsVersion = 8.3.3;
						ProvisioningStyle = Automatic;
						TestTargetID = C93724891F1FC15600FE0553;
					};
				};
			};
			buildConfigurationList = C93724851F1FC15600FE0553 /* Build configuration list for PBXProject "rainyshinycloudy" */;
			compatibilityVersion = "Xcode 3.2";
			developmentRegion = English;
			hasScannedForEncodings = 0;
			knownRegions = (
				en,
				Base,
			);
			mainGroup = C93724811F1FC15600FE0553;
			productRefGroup = C937248B1F1FC15600FE0553 /* Products */;
			projectDirPath = "";
			projectRoot = "";
			targets = (
				C93724891F1FC15600FE0553 /* rainyshinycloudy */,
				C937249D1F1FC15600FE0553 /* rainyshinycloudyTests */,
				C93724A81F1FC15600FE0553 /* rainyshinycloudyUITests */,
			);
		};
/* End PBXProject section */

/* Begin PBXResourcesBuildPhase section */
		C93724881F1FC15600FE0553 /* Resources */ = {
			isa = PBXResourcesBuildPhase;
			buildActionMask = 2147483647;
			files = (
				C93724981F1FC15600FE0553 /* LaunchScreen.storyboard in Resources */,
				C93724951F1FC15600FE0553 /* Assets.xcassets in Resources */,
				C93724931F1FC15600FE0553 /* Main.storyboard in Resources */,
			);
			runOnlyForDeploymentPostprocessing = 0;
		};
		C937249C1F1FC15600FE0553 /* Resources */ = {
			isa = PBXResourcesBuildPhase;
			buildActionMask = 2147483647;
			files = (
			);
			runOnlyForDeploymentPostprocessing = 0;
		};
		C93724A71F1FC15600FE0553 /* Resources */ = {
			isa = PBXResourcesBuildPhase;
			buildActionMask = 2147483647;
			files = (
			);
			runOnlyForDeploymentPostprocessing = 0;
		};
/* End PBXResourcesBuildPhase section */

/* Begin PBXShellScriptBuildPhase section */
		769A60A63ADE9A38681D450F /* [CP] Check Pods Manifest.lock */ = {
			isa = PBXShellScriptBuildPhase;
			buildActionMask = 2147483647;
			files = (
			);
			inputPaths = (
			);
			name = "[CP] Check Pods Manifest.lock";
			outputPaths = (
			);
			runOnlyForDeploymentPostprocessing = 0;
			shellPath = /bin/sh;
			shellScript = "diff \"${PODS_PODFILE_DIR_PATH}/Podfile.lock\" \"${PODS_ROOT}/Manifest.lock\" > /dev/null\nif [ $? != 0 ] ; then\n    # print error to STDERR\n    echo \"error: The sandbox is not in sync with the Podfile.lock. Run 'pod install' or update your CocoaPods installation.\" >&2\n    exit 1\nfi\n";
			showEnvVarsInLog = 0;
		};
		A6CEC1AA61CC1342DA7FA313 /* [CP] Embed Pods Frameworks */ = {
			isa = PBXShellScriptBuildPhase;
			buildActionMask = 2147483647;
			files = (
			);
			inputPaths = (
			);
			name = "[CP] Embed Pods Frameworks";
			outputPaths = (
			);
			runOnlyForDeploymentPostprocessing = 0;
			shellPath = /bin/sh;
			shellScript = "\"${SRCROOT}/Pods/Target Support Files/Pods-rainyshinycloudy/Pods-rainyshinycloudy-frameworks.sh\"\n";
			showEnvVarsInLog = 0;
		};
		EBC76C6337BCFB03D3F980E0 /* [CP] Copy Pods Resources */ = {
			isa = PBXShellScriptBuildPhase;
			buildActionMask = 2147483647;
			files = (
			);
			inputPaths = (
			);
			name = "[CP] Copy Pods Resources";
			outputPaths = (
			);
			runOnlyForDeploymentPostprocessing = 0;
			shellPath = /bin/sh;
			shellScript = "\"${SRCROOT}/Pods/Target Support Files/Pods-rainyshinycloudy/Pods-rainyshinycloudy-resources.sh\"\n";
			showEnvVarsInLog = 0;
		};
/* End PBXShellScriptBuildPhase section */

/* Begin PBXSourcesBuildPhase section */
		C93724861F1FC15600FE0553 /* Sources */ = {
			isa = PBXSourcesBuildPhase;
			buildActionMask = 2147483647;
			files = (
				C93724901F1FC15600FE0553 /* WeatherVC.swift in Sources */,
				C937248E1F1FC15600FE0553 /* AppDelegate.swift in Sources */,
				C937250A1F21000300FE0553 /* WeatherCell.swift in Sources */,
				C93724BE1F2052B500FE0553 /* CurrentWeather.swift in Sources */,
				C93724BC1F2037D300FE0553 /* Constants.swift in Sources */,
				C93725081F206B3400FE0553 /* Forecast.swift in Sources */,
				C9945B0C1F211E0C008BC7B6 /* Location.swift in Sources */,
			);
			runOnlyForDeploymentPostprocessing = 0;
		};
		C937249A1F1FC15600FE0553 /* Sources */ = {
			isa = PBXSourcesBuildPhase;
			buildActionMask = 2147483647;
			files = (
				C93724A31F1FC15600FE0553 /* rainyshinycloudyTests.swift in Sources */,
			);
			runOnlyForDeploymentPostprocessing = 0;
		};
		C93724A51F1FC15600FE0553 /* Sources */ = {
			isa = PBXSourcesBuildPhase;
			buildActionMask = 2147483647;
			files = (
				C93724AE1F1FC15600FE0553 /* rainyshinycloudyUITests.swift in Sources */,
			);
			runOnlyForDeploymentPostprocessing = 0;
		};
/* End PBXSourcesBuildPhase section */

/* Begin PBXTargetDependency section */
		C93724A01F1FC15600FE0553 /* PBXTargetDependency */ = {
			isa = PBXTargetDependency;
			target = C93724891F1FC15600FE0553 /* rainyshinycloudy */;
			targetProxy = C937249F1F1FC15600FE0553 /* PBXContainerItemProxy */;
		};
		C93724AB1F1FC15600FE0553 /* PBXTargetDependency */ = {
			isa = PBXTargetDependency;
			target = C93724891F1FC15600FE0553 /* rainyshinycloudy */;
			targetProxy = C93724AA1F1FC15600FE0553 /* PBXContainerItemProxy */;
		};
/* End PBXTargetDependency section */

/* Begin PBXVariantGroup section */
		C93724911F1FC15600FE0553 /* Main.storyboard */ = {
			isa = PBXVariantGroup;
			children = (
				C93724921F1FC15600FE0553 /* Base */,
			);
			name = Main.storyboard;
			sourceTree = "<group>";
		};
		C93724961F1FC15600FE0553 /* LaunchScreen.storyboard */ = {
			isa = PBXVariantGroup;
			children = (
				C93724971F1FC15600FE0553 /* Base */,
			);
			name = LaunchScreen.storyboard;
			sourceTree = "<group>";
		};
/* End PBXVariantGroup section */

/* Begin XCBuildConfiguration section */
		C93724B01F1FC15600FE0553 /* Debug */ = {
			isa = XCBuildConfiguration;
			buildSettings = {
				ALWAYS_SEARCH_USER_PATHS = NO;
				CLANG_ANALYZER_NONNULL = YES;
				CLANG_ANALYZER_NUMBER_OBJECT_CONVERSION = YES_AGGRESSIVE;
				CLANG_CXX_LANGUAGE_STANDARD = "gnu++0x";
				CLANG_CXX_LIBRARY = "libc++";
				CLANG_ENABLE_MODULES = YES;
				CLANG_ENABLE_OBJC_ARC = YES;
				CLANG_WARN_BOOL_CONVERSION = YES;
				CLANG_WARN_CONSTANT_CONVERSION = YES;
				CLANG_WARN_DIRECT_OBJC_ISA_USAGE = YES_ERROR;
				CLANG_WARN_DOCUMENTATION_COMMENTS = YES;
				CLANG_WARN_EMPTY_BODY = YES;
				CLANG_WARN_ENUM_CONVERSION = YES;
				CLANG_WARN_INFINITE_RECURSION = YES;
				CLANG_WARN_INT_CONVERSION = YES;
				CLANG_WARN_OBJC_ROOT_CLASS = YES_ERROR;
				CLANG_WARN_SUSPICIOUS_MOVE = YES;
				CLANG_WARN_UNREACHABLE_CODE = YES;
				CLANG_WARN__DUPLICATE_METHOD_MATCH = YES;
				"CODE_SIGN_IDENTITY[sdk=iphoneos*]" = "iPhone Developer";
				COPY_PHASE_STRIP = NO;
				DEBUG_INFORMATION_FORMAT = dwarf;
				ENABLE_STRICT_OBJC_MSGSEND = YES;
				ENABLE_TESTABILITY = YES;
				GCC_C_LANGUAGE_STANDARD = gnu99;
				GCC_DYNAMIC_NO_PIC = NO;
				GCC_NO_COMMON_BLOCKS = YES;
				GCC_OPTIMIZATION_LEVEL = 0;
				GCC_PREPROCESSOR_DEFINITIONS = (
					"DEBUG=1",
					"$(inherited)",
				);
				GCC_WARN_64_TO_32_BIT_CONVERSION = YES;
				GCC_WARN_ABOUT_RETURN_TYPE = YES_ERROR;
				GCC_WARN_UNDECLARED_SELECTOR = YES;
				GCC_WARN_UNINITIALIZED_AUTOS = YES_AGGRESSIVE;
				GCC_WARN_UNUSED_FUNCTION = YES;
				GCC_WARN_UNUSED_VARIABLE = YES;
				IPHONEOS_DEPLOYMENT_TARGET = 10.3;
				MTL_ENABLE_DEBUG_INFO = YES;
				ONLY_ACTIVE_ARCH = YES;
				SDKROOT = iphoneos;
				SWIFT_ACTIVE_COMPILATION_CONDITIONS = DEBUG;
				SWIFT_OPTIMIZATION_LEVEL = "-Onone";
				TARGETED_DEVICE_FAMILY = "1,2";
			};
			name = Debug;
		};
		C93724B11F1FC15600FE0553 /* Release */ = {
			isa = XCBuildConfiguration;
			buildSettings = {
				ALWAYS_SEARCH_USER_PATHS = NO;
				CLANG_ANALYZER_NONNULL = YES;
				CLANG_ANALYZER_NUMBER_OBJECT_CONVERSION = YES_AGGRESSIVE;
				CLANG_CXX_LANGUAGE_STANDARD = "gnu++0x";
				CLANG_CXX_LIBRARY = "libc++";
				CLANG_ENABLE_MODULES = YES;
				CLANG_ENABLE_OBJC_ARC = YES;
				CLANG_WARN_BOOL_CONVERSION = YES;
				CLANG_WARN_CONSTANT_CONVERSION = YES;
				CLANG_WARN_DIRECT_OBJC_ISA_USAGE = YES_ERROR;
				CLANG_WARN_DOCUMENTATION_COMMENTS = YES;
				CLANG_WARN_EMPTY_BODY = YES;
				CLANG_WARN_ENUM_CONVERSION = YES;
				CLANG_WARN_INFINITE_RECURSION = YES;
				CLANG_WARN_INT_CONVERSION = YES;
				CLANG_WARN_OBJC_ROOT_CLASS = YES_ERROR;
				CLANG_WARN_SUSPICIOUS_MOVE = YES;
				CLANG_WARN_UNREACHABLE_CODE = YES;
				CLANG_WARN__DUPLICATE_METHOD_MATCH = YES;
				"CODE_SIGN_IDENTITY[sdk=iphoneos*]" = "iPhone Developer";
				COPY_PHASE_STRIP = NO;
				DEBUG_INFORMATION_FORMAT = "dwarf-with-dsym";
				ENABLE_NS_ASSERTIONS = NO;
				ENABLE_STRICT_OBJC_MSGSEND = YES;
				GCC_C_LANGUAGE_STANDARD = gnu99;
				GCC_NO_COMMON_BLOCKS = YES;
				GCC_WARN_64_TO_32_BIT_CONVERSION = YES;
				GCC_WARN_ABOUT_RETURN_TYPE = YES_ERROR;
				GCC_WARN_UNDECLARED_SELECTOR = YES;
				GCC_WARN_UNINITIALIZED_AUTOS = YES_AGGRESSIVE;
				GCC_WARN_UNUSED_FUNCTION = YES;
				GCC_WARN_UNUSED_VARIABLE = YES;
				IPHONEOS_DEPLOYMENT_TARGET = 10.3;
				MTL_ENABLE_DEBUG_INFO = NO;
				SDKROOT = iphoneos;
				SWIFT_OPTIMIZATION_LEVEL = "-Owholemodule";
				TARGETED_DEVICE_FAMILY = "1,2";
				VALIDATE_PRODUCT = YES;
			};
			name = Release;
		};
		C93724B31F1FC15600FE0553 /* Debug */ = {
			isa = XCBuildConfiguration;
			baseConfigurationReference = C5A014E732A0D2D0203A3CD2 /* Pods-rainyshinycloudy.debug.xcconfig */;
			buildSettings = {
				ASSETCATALOG_COMPILER_APPICON_NAME = AppIcon;
				INFOPLIST_FILE = rainyshinycloudy/Info.plist;
				LD_RUNPATH_SEARCH_PATHS = "$(inherited) @executable_path/Frameworks";
				PRODUCT_BUNDLE_IDENTIFIER = com.example.rainyshinycloudy;
				PRODUCT_NAME = "$(TARGET_NAME)";
				SWIFT_VERSION = 3.0;
			};
			name = Debug;
		};
		C93724B41F1FC15600FE0553 /* Release */ = {
			isa = XCBuildConfiguration;
			baseConfigurationReference = 412D119724E1FD8E446DB46F /* Pods-rainyshinycloudy.release.xcconfig */;
			buildSettings = {
				ASSETCATALOG_COMPILER_APPICON_NAME = AppIcon;
				INFOPLIST_FILE = rainyshinycloudy/Info.plist;
				LD_RUNPATH_SEARCH_PATHS = "$(inherited) @executable_path/Frameworks";
				PRODUCT_BUNDLE_IDENTIFIER = com.example.rainyshinycloudy;
				PRODUCT_NAME = "$(TARGET_NAME)";
				SWIFT_VERSION = 3.0;
			};
			name = Release;
		};
		C93724B61F1FC15600FE0553 /* Debug */ = {
			isa = XCBuildConfiguration;
			buildSettings = {
				ALWAYS_EMBED_SWIFT_STANDARD_LIBRARIES = YES;
				BUNDLE_LOADER = "$(TEST_HOST)";
				INFOPLIST_FILE = rainyshinycloudyTests/Info.plist;
				LD_RUNPATH_SEARCH_PATHS = "$(inherited) @executable_path/Frameworks @loader_path/Frameworks";
				PRODUCT_BUNDLE_IDENTIFIER = com.example.rainyshinycloudyTests;
				PRODUCT_NAME = "$(TARGET_NAME)";
				SWIFT_VERSION = 3.0;
				TEST_HOST = "$(BUILT_PRODUCTS_DIR)/rainyshinycloudy.app/rainyshinycloudy";
			};
			name = Debug;
		};
		C93724B71F1FC15600FE0553 /* Release */ = {
			isa = XCBuildConfiguration;
			buildSettings = {
				ALWAYS_EMBED_SWIFT_STANDARD_LIBRARIES = YES;
				BUNDLE_LOADER = "$(TEST_HOST)";
				INFOPLIST_FILE = rainyshinycloudyTests/Info.plist;
				LD_RUNPATH_SEARCH_PATHS = "$(inherited) @executable_path/Frameworks @loader_path/Frameworks";
				PRODUCT_BUNDLE_IDENTIFIER = com.example.rainyshinycloudyTests;
				PRODUCT_NAME = "$(TARGET_NAME)";
				SWIFT_VERSION = 3.0;
				TEST_HOST = "$(BUILT_PRODUCTS_DIR)/rainyshinycloudy.app/rainyshinycloudy";
			};
			name = Release;
		};
		C93724B91F1FC15600FE0553 /* Debug */ = {
			isa = XCBuildConfiguration;
			buildSettings = {
				ALWAYS_EMBED_SWIFT_STANDARD_LIBRARIES = YES;
				INFOPLIST_FILE = rainyshinycloudyUITests/Info.plist;
				LD_RUNPATH_SEARCH_PATHS = "$(inherited) @executable_path/Frameworks @loader_path/Frameworks";
				PRODUCT_BUNDLE_IDENTIFIER = com.example.rainyshinycloudyUITests;
				PRODUCT_NAME = "$(TARGET_NAME)";
				SWIFT_VERSION = 3.0;
				TEST_TARGET_NAME = rainyshinycloudy;
			};
			name = Debug;
		};
		C93724BA1F1FC15600FE0553 /* Release */ = {
			isa = XCBuildConfiguration;
			buildSettings = {
				ALWAYS_EMBED_SWIFT_STANDARD_LIBRARIES = YES;
				INFOPLIST_FILE = rainyshinycloudyUITests/Info.plist;
				LD_RUNPATH_SEARCH_PATHS = "$(inherited) @executable_path/Frameworks @loader_path/Frameworks";
				PRODUCT_BUNDLE_IDENTIFIER = com.example.rainyshinycloudyUITests;
				PRODUCT_NAME = "$(TARGET_NAME)";
				SWIFT_VERSION = 3.0;
				TEST_TARGET_NAME = rainyshinycloudy;
			};
			name = Release;
		};
/* End XCBuildConfiguration section */

/* Begin XCConfigurationList section */
		C93724851F1FC15600FE0553 /* Build configuration list for PBXProject "rainyshinycloudy" */ = {
			isa = XCConfigurationList;
			buildConfigurations = (
				C93724B01F1FC15600FE0553 /* Debug */,
				C93724B11F1FC15600FE0553 /* Release */,
			);
			defaultConfigurationIsVisible = 0;
			defaultConfigurationName = Release;
		};
		C93724B21F1FC15600FE0553 /* Build configuration list for PBXNativeTarget "rainyshinycloudy" */ = {
			isa = XCConfigurationList;
			buildConfigurations = (
				C93724B31F1FC15600FE0553 /* Debug */,
				C93724B41F1FC15600FE0553 /* Release */,
			);
			defaultConfigurationIsVisible = 0;
			defaultConfigurationName = Release;
		};
		C93724B51F1FC15600FE0553 /* Build configuration list for PBXNativeTarget "rainyshinycloudyTests" */ = {
			isa = XCConfigurationList;
			buildConfigurations = (
				C93724B61F1FC15600FE0553 /* Debug */,
				C93724B71F1FC15600FE0553 /* Release */,
			);
			defaultConfigurationIsVisible = 0;
			defaultConfigurationName = Release;
		};
		C93724B81F1FC15600FE0553 /* Build configuration list for PBXNativeTarget "rainyshinycloudyUITests" */ = {
			isa = XCConfigurationList;
			buildConfigurations = (
				C93724B91F1FC15600FE0553 /* Debug */,
				C93724BA1F1FC15600FE0553 /* Release */,
			);
			defaultConfigurationIsVisible = 0;
			defaultConfigurationName = Release;
		};
/* End XCConfigurationList section */
	};
	rootObject = C93724821F1FC15600FE0553 /* Project object */;
}
